
Microsoft Visual Studio Solution File, Format Version 12.00
# Visual Studio Version 17
VisualStudioVersion = 17.12.35521.163 d17.12
MinimumVisualStudioVersion = 10.0.40219.1
Project("{8BC9CEB8-8B4A-11D0-8D11-00A0C91BC942}") = "cudaShaPwCracker", "src.vcxproj", "{2DEA45B6-9A29-41F3-8F8E-BFBD27589094}"
EndProject
Global
	GlobalSection(SolutionConfigurationPlatforms) = preSolution
		Debug|x64 = Debug|x64
		Release|x64 = Release|x64
	EndGlobalSection
	GlobalSection(ProjectConfigurationPlatforms) = postSolution
		{2DEA45B6-9A29-41F3-8F8E-BFBD27589094}.Debug|x64.ActiveCfg = Debug|x64
		{2DEA45B6-9A29-41F3-8F8E-BFBD27589094}.Debug|x64.Build.0 = Debug|x64
		{2DEA45B6-9A29-41F3-8F8E-BFBD27589094}.Release|x64.ActiveCfg = Release|x64
		{2DEA45B6-9A29-41F3-8F8E-BFBD27589094}.Release|x64.Build.0 = Release|x64
	EndGlobalSection
	GlobalSection(SolutionProperties) = preSolution
		HideSolutionNode = FALSE
	EndGlobalSection
EndGlobal
